
Microsoft Visual Studio Solution File, Format Version 12.00
# Visual Studio 14
VisualStudioVersion = 14.0.24720.0
MinimumVisualStudioVersion = 10.0.40219.1
Project("{FAE04EC0-301F-11D3-BF4B-00C04F79EFBC}") = "Chess", "Chess\Chess.csproj", "{540AC599-4D45-4EFB-A147-E47D98C60A72}"
EndProject
Project("{FAE04EC0-301F-11D3-BF4B-00C04F79EFBC}") = "Chess.Tests", "Chess.Tests\Chess.Tests.csproj", "{690DCF81-D1C2-4A81-8325-AFCCD99793DB}"
EndProject
Global
	GlobalSection(SolutionConfigurationPlatforms) = preSolution
		Debug|Any CPU = Debug|Any CPU
		Release|Any CPU = Release|Any CPU
	EndGlobalSection
	GlobalSection(ProjectConfigurationPlatforms) = postSolution
		{540AC599-4D45-4EFB-A147-E47D98C60A72}.Debug|Any CPU.ActiveCfg = Debug|Any CPU
		{540AC599-4D45-4EFB-A147-E47D98C60A72}.Debug|Any CPU.Build.0 = Debug|Any CPU
		{540AC599-4D45-4EFB-A147-E47D98C60A72}.Release|Any CPU.ActiveCfg = Release|Any CPU
		{540AC599-4D45-4EFB-A147-E47D98C60A72}.Release|Any CPU.Build.0 = Release|Any CPU
		{690DCF81-D1C2-4A81-8325-AFCCD99793DB}.Debug|Any CPU.ActiveCfg = Debug|Any CPU
		{690DCF81-D1C2-4A81-8325-AFCCD99793DB}.Debug|Any CPU.Build.0 = Debug|Any CPU
		{690DCF81-D1C2-4A81-8325-AFCCD99793DB}.Release|Any CPU.ActiveCfg = Release|Any CPU
		{690DCF81-D1C2-4A81-8325-AFCCD99793DB}.Release|Any CPU.Build.0 = Release|Any CPU
	EndGlobalSection
	GlobalSection(SolutionProperties) = preSolution
		HideSolutionNode = FALSE
	EndGlobalSection
EndGlobal
